// !$*UTF8*$!
{
	archiveVersion = 1;
	classes = {
	};
	objectVersion = 46;
	objects = {

/* Begin PBXBuildFile section */
		5E7E0987196B2B130081A746 /* CloudKit.framework in Frameworks */ = {isa = PBXBuildFile; fileRef = 5E7E0986196B2B130081A746 /* CloudKit.framework */; };
		5E7E098A196B35330081A746 /* CloudKitTableViewController.m in Sources */ = {isa = PBXBuildFile; fileRef = 5E7E0989196B35330081A746 /* CloudKitTableViewController.m */; };
		5EE3EDFE196C54EC0093D24C /* StateViewController.m in Sources */ = {isa = PBXBuildFile; fileRef = 5EE3EDFD196C54EC0093D24C /* StateViewController.m */; };
		5EF44F03196A47DB0056B64E /* main.m in Sources */ = {isa = PBXBuildFile; fileRef = 5EF44F02196A47DB0056B64E /* main.m */; };
		5EF44F06196A47DB0056B64E /* AppDelegate.m in Sources */ = {isa = PBXBuildFile; fileRef = 5EF44F05196A47DB0056B64E /* AppDelegate.m */; };
		5EF44F0C196A47DB0056B64E /* Main.storyboard in Resources */ = {isa = PBXBuildFile; fileRef = 5EF44F0A196A47DB0056B64E /* Main.storyboard */; };
		5EF44F0E196A47DB0056B64E /* Images.xcassets in Resources */ = {isa = PBXBuildFile; fileRef = 5EF44F0D196A47DB0056B64E /* Images.xcassets */; };
		5EF44F1A196A47DB0056B64E /* CloudKitTestTests.m in Sources */ = {isa = PBXBuildFile; fileRef = 5EF44F19196A47DB0056B64E /* CloudKitTestTests.m */; };
/* End PBXBuildFile section */

/* Begin PBXContainerItemProxy section */
		5EF44F14196A47DB0056B64E /* PBXContainerItemProxy */ = {
			isa = PBXContainerItemProxy;
			containerPortal = 5EF44EF5196A47DB0056B64E /* Project object */;
			proxyType = 1;
			remoteGlobalIDString = 5EF44EFC196A47DB0056B64E;
			remoteInfo = CloudKitTest;
		};
/* End PBXContainerItemProxy section */

/* Begin PBXFileReference section */
		5E61E2CE196C6A6800B58B7F /* CloudKitParams.h */ = {isa = PBXFileReference; lastKnownFileType = sourcecode.c.h; path = CloudKitParams.h; sourceTree = "<group>"; };
		5E7E0986196B2B130081A746 /* CloudKit.framework */ = {isa = PBXFileReference; lastKnownFileType = wrapper.framework; name = CloudKit.framework; path = System/Library/Frameworks/CloudKit.framework; sourceTree = SDKROOT; };
		5E7E0988196B35330081A746 /* CloudKitTableViewController.h */ = {isa = PBXFileReference; fileEncoding = 4; lastKnownFileType = sourcecode.c.h; path = CloudKitTableViewController.h; sourceTree = "<group>"; };
		5E7E0989196B35330081A746 /* CloudKitTableViewController.m */ = {isa = PBXFileReference; fileEncoding = 4; lastKnownFileType = sourcecode.c.objc; path = CloudKitTableViewController.m; sourceTree = "<group>"; };
		5EE3EDFC196C54EC0093D24C /* StateViewController.h */ = {isa = PBXFileReference; fileEncoding = 4; lastKnownFileType = sourcecode.c.h; path = StateViewController.h; sourceTree = "<group>"; };
		5EE3EDFD196C54EC0093D24C /* StateViewController.m */ = {isa = PBXFileReference; fileEncoding = 4; lastKnownFileType = sourcecode.c.objc; path = StateViewController.m; sourceTree = "<group>"; };
		5EF44EFD196A47DB0056B64E /* CloudKitTest.app */ = {isa = PBXFileReference; explicitFileType = wrapper.application; includeInIndex = 0; path = CloudKitTest.app; sourceTree = BUILT_PRODUCTS_DIR; };
		5EF44F01196A47DB0056B64E /* Info.plist */ = {isa = PBXFileReference; lastKnownFileType = text.plist.xml; path = Info.plist; sourceTree = "<group>"; };
		5EF44F02196A47DB0056B64E /* main.m */ = {isa = PBXFileReference; lastKnownFileType = sourcecode.c.objc; path = main.m; sourceTree = "<group>"; };
		5EF44F04196A47DB0056B64E /* AppDelegate.h */ = {isa = PBXFileReference; lastKnownFileType = sourcecode.c.h; path = AppDelegate.h; sourceTree = "<group>"; };
		5EF44F05196A47DB0056B64E /* AppDelegate.m */ = {isa = PBXFileReference; lastKnownFileType = sourcecode.c.objc; path = AppDelegate.m; sourceTree = "<group>"; };
		5EF44F0B196A47DB0056B64E /* Base */ = {isa = PBXFileReference; lastKnownFileType = file.storyboard; name = Base; path = Base.lproj/Main.storyboard; sourceTree = "<group>"; };
		5EF44F0D196A47DB0056B64E /* Images.xcassets */ = {isa = PBXFileReference; lastKnownFileType = folder.assetcatalog; path = Images.xcassets; sourceTree = "<group>"; };
		5EF44F13196A47DB0056B64E /* CloudKitTestTests.xctest */ = {isa = PBXFileReference; explicitFileType = wrapper.cfbundle; includeInIndex = 0; path = CloudKitTestTests.xctest; sourceTree = BUILT_PRODUCTS_DIR; };
		5EF44F18196A47DB0056B64E /* Info.plist */ = {isa = PBXFileReference; lastKnownFileType = text.plist.xml; path = Info.plist; sourceTree = "<group>"; };
		5EF44F19196A47DB0056B64E /* CloudKitTestTests.m */ = {isa = PBXFileReference; lastKnownFileType = sourcecode.c.objc; path = CloudKitTestTests.m; sourceTree = "<group>"; };
		5EF44F23196A47F20056B64E /* CloudKitTest.entitlements */ = {isa = PBXFileReference; lastKnownFileType = text.xml; path = CloudKitTest.entitlements; sourceTree = "<group>"; };
/* End PBXFileReference section */

/* Begin PBXFrameworksBuildPhase section */
		5EF44EFA196A47DB0056B64E /* Frameworks */ = {
			isa = PBXFrameworksBuildPhase;
			buildActionMask = 2147483647;
			files = (
				5E7E0987196B2B130081A746 /* CloudKit.framework in Frameworks */,
			);
			runOnlyForDeploymentPostprocessing = 0;
		};
		5EF44F10196A47DB0056B64E /* Frameworks */ = {
			isa = PBXFrameworksBuildPhase;
			buildActionMask = 2147483647;
			files = (
			);
			runOnlyForDeploymentPostprocessing = 0;
		};
/* End PBXFrameworksBuildPhase section */

/* Begin PBXGroup section */
		5EF44EF4196A47DB0056B64E = {
			isa = PBXGroup;
			children = (
				5E7E0986196B2B130081A746 /* CloudKit.framework */,
				5EF44EFF196A47DB0056B64E /* CloudKitTest */,
				5EF44F16196A47DB0056B64E /* CloudKitTestTests */,
				5EF44EFE196A47DB0056B64E /* Products */,
			);
			sourceTree = "<group>";
		};
		5EF44EFE196A47DB0056B64E /* Products */ = {
			isa = PBXGroup;
			children = (
				5EF44EFD196A47DB0056B64E /* CloudKitTest.app */,
				5EF44F13196A47DB0056B64E /* CloudKitTestTests.xctest */,
			);
			name = Products;
			sourceTree = "<group>";
		};
		5EF44EFF196A47DB0056B64E /* CloudKitTest */ = {
			isa = PBXGroup;
			children = (
				5EF44F23196A47F20056B64E /* CloudKitTest.entitlements */,
				5E61E2CE196C6A6800B58B7F /* CloudKitParams.h */,
				5EF44F04196A47DB0056B64E /* AppDelegate.h */,
				5EF44F05196A47DB0056B64E /* AppDelegate.m */,
				5E7E0988196B35330081A746 /* CloudKitTableViewController.h */,
				5E7E0989196B35330081A746 /* CloudKitTableViewController.m */,
				5EE3EDFC196C54EC0093D24C /* StateViewController.h */,
				5EE3EDFD196C54EC0093D24C /* StateViewController.m */,
				5EF44F0A196A47DB0056B64E /* Main.storyboard */,
				5EF44F0D196A47DB0056B64E /* Images.xcassets */,
				5EF44F00196A47DB0056B64E /* Supporting Files */,
			);
			path = CloudKitTest;
			sourceTree = "<group>";
		};
		5EF44F00196A47DB0056B64E /* Supporting Files */ = {
			isa = PBXGroup;
			children = (
				5EF44F01196A47DB0056B64E /* Info.plist */,
				5EF44F02196A47DB0056B64E /* main.m */,
			);
			name = "Supporting Files";
			sourceTree = "<group>";
		};
		5EF44F16196A47DB0056B64E /* CloudKitTestTests */ = {
			isa = PBXGroup;
			children = (
				5EF44F19196A47DB0056B64E /* CloudKitTestTests.m */,
				5EF44F17196A47DB0056B64E /* Supporting Files */,
			);
			path = CloudKitTestTests;
			sourceTree = "<group>";
		};
		5EF44F17196A47DB0056B64E /* Supporting Files */ = {
			isa = PBXGroup;
			children = (
				5EF44F18196A47DB0056B64E /* Info.plist */,
			);
			name = "Supporting Files";
			sourceTree = "<group>";
		};
/* End PBXGroup section */

/* Begin PBXNativeTarget section */
		5EF44EFC196A47DB0056B64E /* CloudKitTest */ = {
			isa = PBXNativeTarget;
			buildConfigurationList = 5EF44F1D196A47DB0056B64E /* Build configuration list for PBXNativeTarget "CloudKitTest" */;
			buildPhases = (
				5EF44EF9196A47DB0056B64E /* Sources */,
				5EF44EFA196A47DB0056B64E /* Frameworks */,
				5EF44EFB196A47DB0056B64E /* Resources */,
			);
			buildRules = (
			);
			dependencies = (
			);
			name = CloudKitTest;
			productName = CloudKitTest;
			productReference = 5EF44EFD196A47DB0056B64E /* CloudKitTest.app */;
			productType = "com.apple.product-type.application";
		};
		5EF44F12196A47DB0056B64E /* CloudKitTestTests */ = {
			isa = PBXNativeTarget;
			buildConfigurationList = 5EF44F20196A47DB0056B64E /* Build configuration list for PBXNativeTarget "CloudKitTestTests" */;
			buildPhases = (
				5EF44F0F196A47DB0056B64E /* Sources */,
				5EF44F10196A47DB0056B64E /* Frameworks */,
				5EF44F11196A47DB0056B64E /* Resources */,
			);
			buildRules = (
			);
			dependencies = (
				5EF44F15196A47DB0056B64E /* PBXTargetDependency */,
			);
			name = CloudKitTestTests;
			productName = CloudKitTestTests;
			productReference = 5EF44F13196A47DB0056B64E /* CloudKitTestTests.xctest */;
			productType = "com.apple.product-type.bundle.unit-test";
		};
/* End PBXNativeTarget section */

/* Begin PBXProject section */
		5EF44EF5196A47DB0056B64E /* Project object */ = {
			isa = PBXProject;
			attributes = {
				LastUpgradeCheck = 0600;
				ORGANIZATIONNAME = "CocoaHeads Goiânia";
				TargetAttributes = {
					5EF44EFC196A47DB0056B64E = {
						CreatedOnToolsVersion = 6.0;
						DevelopmentTeam = L6W3TBRD57;
						SystemCapabilities = {
							com.apple.iCloud = {
								enabled = 1;
							};
						};
					};
					5EF44F12196A47DB0056B64E = {
						CreatedOnToolsVersion = 6.0;
						TestTargetID = 5EF44EFC196A47DB0056B64E;
					};
				};
			};
			buildConfigurationList = 5EF44EF8196A47DB0056B64E /* Build configuration list for PBXProject "CloudKitTest" */;
			compatibilityVersion = "Xcode 3.2";
			developmentRegion = English;
			hasScannedForEncodings = 0;
			knownRegions = (
				en,
				Base,
			);
			mainGroup = 5EF44EF4196A47DB0056B64E;
			productRefGroup = 5EF44EFE196A47DB0056B64E /* Products */;
			projectDirPath = "";
			projectRoot = "";
			targets = (
				5EF44EFC196A47DB0056B64E /* CloudKitTest */,
				5EF44F12196A47DB0056B64E /* CloudKitTestTests */,
			);
		};
/* End PBXProject section */

/* Begin PBXResourcesBuildPhase section */
		5EF44EFB196A47DB0056B64E /* Resources */ = {
			isa = PBXResourcesBuildPhase;
			buildActionMask = 2147483647;
			files = (
				5EF44F0C196A47DB0056B64E /* Main.storyboard in Resources */,
				5EF44F0E196A47DB0056B64E /* Images.xcassets in Resources */,
			);
			runOnlyForDeploymentPostprocessing = 0;
		};
		5EF44F11196A47DB0056B64E /* Resources */ = {
			isa = PBXResourcesBuildPhase;
			buildActionMask = 2147483647;
			files = (
			);
			runOnlyForDeploymentPostprocessing = 0;
		};
/* End PBXResourcesBuildPhase section */

/* Begin PBXSourcesBuildPhase section */
		5EF44EF9196A47DB0056B64E /* Sources */ = {
			isa = PBXSourcesBuildPhase;
			buildActionMask = 2147483647;
			files = (
				5EF44F06196A47DB0056B64E /* AppDelegate.m in Sources */,
				5E7E098A196B35330081A746 /* CloudKitTableViewController.m in Sources */,
				5EF44F03196A47DB0056B64E /* main.m in Sources */,
				5EE3EDFE196C54EC0093D24C /* StateViewController.m in Sources */,
			);
			runOnlyForDeploymentPostprocessing = 0;
		};
		5EF44F0F196A47DB0056B64E /* Sources */ = {
			isa = PBXSourcesBuildPhase;
			buildActionMask = 2147483647;
			files = (
				5EF44F1A196A47DB0056B64E /* CloudKitTestTests.m in Sources */,
			);
			runOnlyForDeploymentPostprocessing = 0;
		};
/* End PBXSourcesBuildPhase section */

/* Begin PBXTargetDependency section */
		5EF44F15196A47DB0056B64E /* PBXTargetDependency */ = {
			isa = PBXTargetDependency;
			target = 5EF44EFC196A47DB0056B64E /* CloudKitTest */;
			targetProxy = 5EF44F14196A47DB0056B64E /* PBXContainerItemProxy */;
		};
/* End PBXTargetDependency section */

/* Begin PBXVariantGroup section */
		5EF44F0A196A47DB0056B64E /* Main.storyboard */ = {
			isa = PBXVariantGroup;
			children = (
				5EF44F0B196A47DB0056B64E /* Base */,
			);
			name = Main.storyboard;
			sourceTree = "<group>";
		};
/* End PBXVariantGroup section */

/* Begin XCBuildConfiguration section */
		5EF44F1B196A47DB0056B64E /* Debug */ = {
			isa = XCBuildConfiguration;
			buildSettings = {
				ALWAYS_SEARCH_USER_PATHS = NO;
				CLANG_CXX_LANGUAGE_STANDARD = "gnu++0x";
				CLANG_CXX_LIBRARY = "libc++";
				CLANG_ENABLE_MODULES = YES;
				CLANG_ENABLE_OBJC_ARC = YES;
				CLANG_WARN_BOOL_CONVERSION = YES;
				CLANG_WARN_CONSTANT_CONVERSION = YES;
				CLANG_WARN_DIRECT_OBJC_ISA_USAGE = YES_ERROR;
				CLANG_WARN_EMPTY_BODY = YES;
				CLANG_WARN_ENUM_CONVERSION = YES;
				CLANG_WARN_INT_CONVERSION = YES;
				CLANG_WARN_OBJC_ROOT_CLASS = YES_ERROR;
				CLANG_WARN_UNREACHABLE_CODE = YES;
				CLANG_WARN__DUPLICATE_METHOD_MATCH = YES;
				"CODE_SIGN_IDENTITY[sdk=iphoneos*]" = "iPhone Developer";
				COPY_PHASE_STRIP = NO;
				ENABLE_STRICT_OBJC_MSGSEND = YES;
				GCC_C_LANGUAGE_STANDARD = gnu99;
				GCC_DYNAMIC_NO_PIC = NO;
				GCC_OPTIMIZATION_LEVEL = 0;
				GCC_PREPROCESSOR_DEFINITIONS = (
					"DEBUG=1",
					"$(inherited)",
				);
				GCC_SYMBOLS_PRIVATE_EXTERN = NO;
				GCC_WARN_64_TO_32_BIT_CONVERSION = YES;
				GCC_WARN_ABOUT_RETURN_TYPE = YES_ERROR;
				GCC_WARN_UNDECLARED_SELECTOR = YES;
				GCC_WARN_UNINITIALIZED_AUTOS = YES_AGGRESSIVE;
				GCC_WARN_UNUSED_FUNCTION = YES;
				GCC_WARN_UNUSED_VARIABLE = YES;
				IPHONEOS_DEPLOYMENT_TARGET = 8.0;
				METAL_ENABLE_DEBUG_INFO = YES;
				ONLY_ACTIVE_ARCH = YES;
				SDKROOT = iphoneos;
				TARGETED_DEVICE_FAMILY = "1,2";
			};
			name = Debug;
		};
		5EF44F1C196A47DB0056B64E /* Release */ = {
			isa = XCBuildConfiguration;
			buildSettings = {
				ALWAYS_SEARCH_USER_PATHS = NO;
				CLANG_CXX_LANGUAGE_STANDARD = "gnu++0x";
				CLANG_CXX_LIBRARY = "libc++";
				CLANG_ENABLE_MODULES = YES;
				CLANG_ENABLE_OBJC_ARC = YES;
				CLANG_WARN_BOOL_CONVERSION = YES;
				CLANG_WARN_CONSTANT_CONVERSION = YES;
				CLANG_WARN_DIRECT_OBJC_ISA_USAGE = YES_ERROR;
				CLANG_WARN_EMPTY_BODY = YES;
				CLANG_WARN_ENUM_CONVERSION = YES;
				CLANG_WARN_INT_CONVERSION = YES;
				CLANG_WARN_OBJC_ROOT_CLASS = YES_ERROR;
				CLANG_WARN_UNREACHABLE_CODE = YES;
				CLANG_WARN__DUPLICATE_METHOD_MATCH = YES;
				"CODE_SIGN_IDENTITY[sdk=iphoneos*]" = "iPhone Developer";
				COPY_PHASE_STRIP = YES;
				ENABLE_NS_ASSERTIONS = NO;
				ENABLE_STRICT_OBJC_MSGSEND = YES;
				GCC_C_LANGUAGE_STANDARD = gnu99;
				GCC_WARN_64_TO_32_BIT_CONVERSION = YES;
				GCC_WARN_ABOUT_RETURN_TYPE = YES_ERROR;
				GCC_WARN_UNDECLARED_SELECTOR = YES;
				GCC_WARN_UNINITIALIZED_AUTOS = YES_AGGRESSIVE;
				GCC_WARN_UNUSED_FUNCTION = YES;
				GCC_WARN_UNUSED_VARIABLE = YES;
				IPHONEOS_DEPLOYMENT_TARGET = 8.0;
				METAL_ENABLE_DEBUG_INFO = NO;
				SDKROOT = iphoneos;
				TARGETED_DEVICE_FAMILY = "1,2";
				VALIDATE_PRODUCT = YES;
			};
			name = Release;
		};
		5EF44F1E196A47DB0056B64E /* Debug */ = {
			isa = XCBuildConfiguration;
			buildSettings = {
				ASSETCATALOG_COMPILER_APPICON_NAME = AppIcon;
				ASSETCATALOG_COMPILER_LAUNCHIMAGE_NAME = LaunchImage;
				CODE_SIGN_ENTITLEMENTS = CloudKitTest/CloudKitTest.entitlements;
				CODE_SIGN_IDENTITY = "iPhone Developer";
				"CODE_SIGN_IDENTITY[sdk=iphoneos*]" = "iPhone Developer";
				INFOPLIST_FILE = CloudKitTest/Info.plist;
				LD_RUNPATH_SEARCH_PATHS = "$(inherited) @executable_path/Frameworks";
				PRODUCT_NAME = "$(TARGET_NAME)";
				PROVISIONING_PROFILE = "";
				TARGETED_DEVICE_FAMILY = "1,2";
			};
			name = Debug;
		};
		5EF44F1F196A47DB0056B64E /* Release */ = {
			isa = XCBuildConfiguration;
			buildSettings = {
				ASSETCATALOG_COMPILER_APPICON_NAME = AppIcon;
				ASSETCATALOG_COMPILER_LAUNCHIMAGE_NAME = LaunchImage;
				CODE_SIGN_ENTITLEMENTS = CloudKitTest/CloudKitTest.entitlements;
				CODE_SIGN_IDENTITY = "iPhone Developer";
				"CODE_SIGN_IDENTITY[sdk=iphoneos*]" = "iPhone Developer";
				INFOPLIST_FILE = CloudKitTest/Info.plist;
				LD_RUNPATH_SEARCH_PATHS = "$(inherited) @executable_path/Frameworks";
				PRODUCT_NAME = "$(TARGET_NAME)";
				PROVISIONING_PROFILE = "";
				TARGETED_DEVICE_FAMILY = "1,2";
			};
			name = Release;
		};
		5EF44F21196A47DB0056B64E /* Debug */ = {
			isa = XCBuildConfiguration;
			buildSettings = {
				BUNDLE_LOADER = "$(BUILT_PRODUCTS_DIR)/CloudKitTest.app/CloudKitTest";
				FRAMEWORK_SEARCH_PATHS = (
					"$(SDKROOT)/Developer/Library/Frameworks",
					"$(inherited)",
				);
				GCC_PREPROCESSOR_DEFINITIONS = (
					"DEBUG=1",
					"$(inherited)",
				);
				INFOPLIST_FILE = CloudKitTestTests/Info.plist;
				LD_RUNPATH_SEARCH_PATHS = "$(inherited) @executable_path/Frameworks @loader_path/Frameworks";
				METAL_ENABLE_DEBUG_INFO = YES;
				PRODUCT_NAME = "$(TARGET_NAME)";
				TEST_HOST = "$(BUNDLE_LOADER)";
			};
			name = Debug;
		};
		5EF44F22196A47DB0056B64E /* Release */ = {
			isa = XCBuildConfiguration;
			buildSettings = {
				BUNDLE_LOADER = "$(BUILT_PRODUCTS_DIR)/CloudKitTest.app/CloudKitTest";
				FRAMEWORK_SEARCH_PATHS = (
					"$(SDKROOT)/Developer/Library/Frameworks",
					"$(inherited)",
				);
				INFOPLIST_FILE = CloudKitTestTests/Info.plist;
				LD_RUNPATH_SEARCH_PATHS = "$(inherited) @executable_path/Frameworks @loader_path/Frameworks";
				METAL_ENABLE_DEBUG_INFO = NO;
				PRODUCT_NAME = "$(TARGET_NAME)";
				TEST_HOST = "$(BUNDLE_LOADER)";
			};
			name = Release;
		};
/* End XCBuildConfiguration section */

/* Begin XCConfigurationList section */
		5EF44EF8196A47DB0056B64E /* Build configuration list for PBXProject "CloudKitTest" */ = {
			isa = XCConfigurationList;
			buildConfigurations = (
				5EF44F1B196A47DB0056B64E /* Debug */,
				5EF44F1C196A47DB0056B64E /* Release */,
			);
			defaultConfigurationIsVisible = 0;
			defaultConfigurationName = Release;
		};
		5EF44F1D196A47DB0056B64E /* Build configuration list for PBXNativeTarget "CloudKitTest" */ = {
			isa = XCConfigurationList;
			buildConfigurations = (
				5EF44F1E196A47DB0056B64E /* Debug */,
				5EF44F1F196A47DB0056B64E /* Release */,
			);
			defaultConfigurationIsVisible = 0;
			defaultConfigurationName = Release;
		};
		5EF44F20196A47DB0056B64E /* Build configuration list for PBXNativeTarget "CloudKitTestTests" */ = {
			isa = XCConfigurationList;
			buildConfigurations = (
				5EF44F21196A47DB0056B64E /* Debug */,
				5EF44F22196A47DB0056B64E /* Release */,
			);
			defaultConfigurationIsVisible = 0;
			defaultConfigurationName = Release;
		};
/* End XCConfigurationList section */
	};
	rootObject = 5EF44EF5196A47DB0056B64E /* Project object */;
}
